
Microsoft Visual Studio Solution File, Format Version 12.00
# Visual Studio Express 14 for Windows Desktop
VisualStudioVersion = 14.0.24720.0
MinimumVisualStudioVersion = 10.0.40219.1
Project("{FAE04EC0-301F-11D3-BF4B-00C04F79EFBC}") = "Exercicio1", "Exercicio1\Exercicio1.csproj", "{E217BB1C-7DB3-4CAD-873A-3504DE2E88CE}"
EndProject
Project("{FAE04EC0-301F-11D3-BF4B-00C04F79EFBC}") = "Exercicio2", "Exercicio2\Exercicio2.csproj", "{43F80647-78B0-4F88-A84C-9EDA0FFF8790}"
EndProject
Project("{FAE04EC0-301F-11D3-BF4B-00C04F79EFBC}") = "Exercicio3", "Exercicio3\Exercicio3.csproj", "{D7D777C2-1D3A-4589-B82A-C76FAC6C64DF}"
EndProject
Project("{FAE04EC0-301F-11D3-BF4B-00C04F79EFBC}") = "Exercicio4", "Exercicio4\Exercicio4.csproj", "{AA9ACF55-16A3-459B-A73A-FC41C6E4F584}"
EndProject
Global
	GlobalSection(SolutionConfigurationPlatforms) = preSolution
		Debug|Any CPU = Debug|Any CPU
		Release|Any CPU = Release|Any CPU
	EndGlobalSection
	GlobalSection(ProjectConfigurationPlatforms) = postSolution
		{E217BB1C-7DB3-4CAD-873A-3504DE2E88CE}.Debug|Any CPU.ActiveCfg = Debug|Any CPU
		{E217BB1C-7DB3-4CAD-873A-3504DE2E88CE}.Debug|Any CPU.Build.0 = Debug|Any CPU
		{E217BB1C-7DB3-4CAD-873A-3504DE2E88CE}.Release|Any CPU.ActiveCfg = Release|Any CPU
		{E217BB1C-7DB3-4CAD-873A-3504DE2E88CE}.Release|Any CPU.Build.0 = Release|Any CPU
		{43F80647-78B0-4F88-A84C-9EDA0FFF8790}.Debug|Any CPU.ActiveCfg = Debug|Any CPU
		{43F80647-78B0-4F88-A84C-9EDA0FFF8790}.Debug|Any CPU.Build.0 = Debug|Any CPU
		{43F80647-78B0-4F88-A84C-9EDA0FFF8790}.Release|Any CPU.ActiveCfg = Release|Any CPU
		{43F80647-78B0-4F88-A84C-9EDA0FFF8790}.Release|Any CPU.Build.0 = Release|Any CPU
		{D7D777C2-1D3A-4589-B82A-C76FAC6C64DF}.Debug|Any CPU.ActiveCfg = Debug|Any CPU
		{D7D777C2-1D3A-4589-B82A-C76FAC6C64DF}.Debug|Any CPU.Build.0 = Debug|Any CPU
		{D7D777C2-1D3A-4589-B82A-C76FAC6C64DF}.Release|Any CPU.ActiveCfg = Release|Any CPU
		{D7D777C2-1D3A-4589-B82A-C76FAC6C64DF}.Release|Any CPU.Build.0 = Release|Any CPU
		{AA9ACF55-16A3-459B-A73A-FC41C6E4F584}.Debug|Any CPU.ActiveCfg = Debug|Any CPU
		{AA9ACF55-16A3-459B-A73A-FC41C6E4F584}.Debug|Any CPU.Build.0 = Debug|Any CPU
		{AA9ACF55-16A3-459B-A73A-FC41C6E4F584}.Release|Any CPU.ActiveCfg = Release|Any CPU
		{AA9ACF55-16A3-459B-A73A-FC41C6E4F584}.Release|Any CPU.Build.0 = Release|Any CPU
	EndGlobalSection
	GlobalSection(SolutionProperties) = preSolution
		HideSolutionNode = FALSE
	EndGlobalSection
EndGlobal
