
Microsoft Visual Studio Solution File, Format Version 12.00
# Visual Studio 14
VisualStudioVersion = 14.0.25420.1
MinimumVisualStudioVersion = 10.0.40219.1
Project("{FAE04EC0-301F-11D3-BF4B-00C04F79EFBC}") = "Exercicio", "Exercicio\Exercicio.csproj", "{FFB6BA09-E5E1-4968-90C6-9FAF9F28964F}"
EndProject
Project("{FAE04EC0-301F-11D3-BF4B-00C04F79EFBC}") = "Exercicio2", "Exercicio2\Exercicio2.csproj", "{696047BF-08E3-4776-976E-EA459122C9B7}"
EndProject
Global
	GlobalSection(SolutionConfigurationPlatforms) = preSolution
		Debug|Any CPU = Debug|Any CPU
		Release|Any CPU = Release|Any CPU
	EndGlobalSection
	GlobalSection(ProjectConfigurationPlatforms) = postSolution
		{FFB6BA09-E5E1-4968-90C6-9FAF9F28964F}.Debug|Any CPU.ActiveCfg = Debug|Any CPU
		{FFB6BA09-E5E1-4968-90C6-9FAF9F28964F}.Debug|Any CPU.Build.0 = Debug|Any CPU
		{FFB6BA09-E5E1-4968-90C6-9FAF9F28964F}.Release|Any CPU.ActiveCfg = Release|Any CPU
		{FFB6BA09-E5E1-4968-90C6-9FAF9F28964F}.Release|Any CPU.Build.0 = Release|Any CPU
		{696047BF-08E3-4776-976E-EA459122C9B7}.Debug|Any CPU.ActiveCfg = Debug|Any CPU
		{696047BF-08E3-4776-976E-EA459122C9B7}.Debug|Any CPU.Build.0 = Debug|Any CPU
		{696047BF-08E3-4776-976E-EA459122C9B7}.Release|Any CPU.ActiveCfg = Release|Any CPU
		{696047BF-08E3-4776-976E-EA459122C9B7}.Release|Any CPU.Build.0 = Release|Any CPU
	EndGlobalSection
	GlobalSection(SolutionProperties) = preSolution
		HideSolutionNode = FALSE
	EndGlobalSection
EndGlobal
